
Microsoft Visual Studio Solution File, Format Version 12.00
# Visual Studio Version 16
VisualStudioVersion = 16.0.30413.136
MinimumVisualStudioVersion = 10.0.40219.1
Project("{FAE04EC0-301F-11D3-BF4B-00C04F79EFBC}") = "Tools", "Tools.csproj", "{6871B5F4-6A32-407D-8F5A-51B38BF74D13}"
EndProject
Project("{8BC9CEB8-8B4A-11D0-8D11-00A0C91BC942}") = "WinAPI", "WinAPI\WinAPI.vcxproj", "{60C76A50-9ED7-43CD-B494-4425D48EE798}"
EndProject
Project("{FAE04EC0-301F-11D3-BF4B-00C04F79EFBC}") = "Test_of_lib", "Test_of_lib\Test_of_lib.csproj", "{A4C0F88D-9C76-4460-8586-061D0BCA2DFF}"
EndProject
Project("{FAE04EC0-301F-11D3-BF4B-00C04F79EFBC}") = "Tools.Window", "..\Tools.Window\Tools.Window.csproj", "{F5851283-CA82-46AD-91A7-563C2FBC6D5E}"
EndProject
Project("{FAE04EC0-301F-11D3-BF4B-00C04F79EFBC}") = "Tools.Diagnostic", "..\Tools.Diagnostic\Tools.Diagnostic.csproj", "{26787AD5-C15C-451A-9DF8-97EBD322BF7F}"
EndProject
Project("{FAE04EC0-301F-11D3-BF4B-00C04F79EFBC}") = "Tools.Net", "..\Tools.Net\Tools.Net.csproj", "{504383B7-30EB-41A0-A3D9-5DBCC5EE3463}"
EndProject
Global
	GlobalSection(SolutionConfigurationPlatforms) = preSolution
		Debug|Any CPU = Debug|Any CPU
		Debug|x64 = Debug|x64
		Debug|x86 = Debug|x86
		Release|Any CPU = Release|Any CPU
		Release|x64 = Release|x64
		Release|x86 = Release|x86
	EndGlobalSection
	GlobalSection(ProjectConfigurationPlatforms) = postSolution
		{6871B5F4-6A32-407D-8F5A-51B38BF74D13}.Debug|Any CPU.ActiveCfg = Debug|Any CPU
		{6871B5F4-6A32-407D-8F5A-51B38BF74D13}.Debug|Any CPU.Build.0 = Debug|Any CPU
		{6871B5F4-6A32-407D-8F5A-51B38BF74D13}.Debug|x64.ActiveCfg = Debug|Any CPU
		{6871B5F4-6A32-407D-8F5A-51B38BF74D13}.Debug|x64.Build.0 = Debug|Any CPU
		{6871B5F4-6A32-407D-8F5A-51B38BF74D13}.Debug|x86.ActiveCfg = Debug|Any CPU
		{6871B5F4-6A32-407D-8F5A-51B38BF74D13}.Debug|x86.Build.0 = Debug|Any CPU
		{6871B5F4-6A32-407D-8F5A-51B38BF74D13}.Release|Any CPU.ActiveCfg = Release|Any CPU
		{6871B5F4-6A32-407D-8F5A-51B38BF74D13}.Release|Any CPU.Build.0 = Release|Any CPU
		{6871B5F4-6A32-407D-8F5A-51B38BF74D13}.Release|x64.ActiveCfg = Release|Any CPU
		{6871B5F4-6A32-407D-8F5A-51B38BF74D13}.Release|x64.Build.0 = Release|Any CPU
		{6871B5F4-6A32-407D-8F5A-51B38BF74D13}.Release|x86.ActiveCfg = Release|Any CPU
		{6871B5F4-6A32-407D-8F5A-51B38BF74D13}.Release|x86.Build.0 = Release|Any CPU
		{60C76A50-9ED7-43CD-B494-4425D48EE798}.Debug|Any CPU.ActiveCfg = Debug|Win32
		{60C76A50-9ED7-43CD-B494-4425D48EE798}.Debug|x64.ActiveCfg = Debug|x64
		{60C76A50-9ED7-43CD-B494-4425D48EE798}.Debug|x64.Build.0 = Debug|x64
		{60C76A50-9ED7-43CD-B494-4425D48EE798}.Debug|x86.ActiveCfg = Debug|Win32
		{60C76A50-9ED7-43CD-B494-4425D48EE798}.Debug|x86.Build.0 = Debug|Win32
		{60C76A50-9ED7-43CD-B494-4425D48EE798}.Release|Any CPU.ActiveCfg = Release|Win32
		{60C76A50-9ED7-43CD-B494-4425D48EE798}.Release|x64.ActiveCfg = Release|x64
		{60C76A50-9ED7-43CD-B494-4425D48EE798}.Release|x64.Build.0 = Release|x64
		{60C76A50-9ED7-43CD-B494-4425D48EE798}.Release|x86.ActiveCfg = Release|Win32
		{60C76A50-9ED7-43CD-B494-4425D48EE798}.Release|x86.Build.0 = Release|Win32
		{A4C0F88D-9C76-4460-8586-061D0BCA2DFF}.Debug|Any CPU.ActiveCfg = Debug|Any CPU
		{A4C0F88D-9C76-4460-8586-061D0BCA2DFF}.Debug|Any CPU.Build.0 = Debug|Any CPU
		{A4C0F88D-9C76-4460-8586-061D0BCA2DFF}.Debug|x64.ActiveCfg = Debug|Any CPU
		{A4C0F88D-9C76-4460-8586-061D0BCA2DFF}.Debug|x64.Build.0 = Debug|Any CPU
		{A4C0F88D-9C76-4460-8586-061D0BCA2DFF}.Debug|x86.ActiveCfg = Debug|Any CPU
		{A4C0F88D-9C76-4460-8586-061D0BCA2DFF}.Debug|x86.Build.0 = Debug|Any CPU
		{A4C0F88D-9C76-4460-8586-061D0BCA2DFF}.Release|Any CPU.ActiveCfg = Release|Any CPU
		{A4C0F88D-9C76-4460-8586-061D0BCA2DFF}.Release|Any CPU.Build.0 = Release|Any CPU
		{A4C0F88D-9C76-4460-8586-061D0BCA2DFF}.Release|x64.ActiveCfg = Release|Any CPU
		{A4C0F88D-9C76-4460-8586-061D0BCA2DFF}.Release|x64.Build.0 = Release|Any CPU
		{A4C0F88D-9C76-4460-8586-061D0BCA2DFF}.Release|x86.ActiveCfg = Release|Any CPU
		{A4C0F88D-9C76-4460-8586-061D0BCA2DFF}.Release|x86.Build.0 = Release|Any CPU
		{F5851283-CA82-46AD-91A7-563C2FBC6D5E}.Debug|Any CPU.ActiveCfg = Debug|Any CPU
		{F5851283-CA82-46AD-91A7-563C2FBC6D5E}.Debug|Any CPU.Build.0 = Debug|Any CPU
		{F5851283-CA82-46AD-91A7-563C2FBC6D5E}.Debug|x64.ActiveCfg = Debug|Any CPU
		{F5851283-CA82-46AD-91A7-563C2FBC6D5E}.Debug|x64.Build.0 = Debug|Any CPU
		{F5851283-CA82-46AD-91A7-563C2FBC6D5E}.Debug|x86.ActiveCfg = Debug|Any CPU
		{F5851283-CA82-46AD-91A7-563C2FBC6D5E}.Debug|x86.Build.0 = Debug|Any CPU
		{F5851283-CA82-46AD-91A7-563C2FBC6D5E}.Release|Any CPU.ActiveCfg = Release|Any CPU
		{F5851283-CA82-46AD-91A7-563C2FBC6D5E}.Release|Any CPU.Build.0 = Release|Any CPU
		{F5851283-CA82-46AD-91A7-563C2FBC6D5E}.Release|x64.ActiveCfg = Release|Any CPU
		{F5851283-CA82-46AD-91A7-563C2FBC6D5E}.Release|x64.Build.0 = Release|Any CPU
		{F5851283-CA82-46AD-91A7-563C2FBC6D5E}.Release|x86.ActiveCfg = Release|Any CPU
		{F5851283-CA82-46AD-91A7-563C2FBC6D5E}.Release|x86.Build.0 = Release|Any CPU
		{26787AD5-C15C-451A-9DF8-97EBD322BF7F}.Debug|Any CPU.ActiveCfg = Debug|Any CPU
		{26787AD5-C15C-451A-9DF8-97EBD322BF7F}.Debug|Any CPU.Build.0 = Debug|Any CPU
		{26787AD5-C15C-451A-9DF8-97EBD322BF7F}.Debug|x64.ActiveCfg = Debug|Any CPU
		{26787AD5-C15C-451A-9DF8-97EBD322BF7F}.Debug|x64.Build.0 = Debug|Any CPU
		{26787AD5-C15C-451A-9DF8-97EBD322BF7F}.Debug|x86.ActiveCfg = Debug|Any CPU
		{26787AD5-C15C-451A-9DF8-97EBD322BF7F}.Debug|x86.Build.0 = Debug|Any CPU
		{26787AD5-C15C-451A-9DF8-97EBD322BF7F}.Release|Any CPU.ActiveCfg = Release|Any CPU
		{26787AD5-C15C-451A-9DF8-97EBD322BF7F}.Release|Any CPU.Build.0 = Release|Any CPU
		{26787AD5-C15C-451A-9DF8-97EBD322BF7F}.Release|x64.ActiveCfg = Release|Any CPU
		{26787AD5-C15C-451A-9DF8-97EBD322BF7F}.Release|x64.Build.0 = Release|Any CPU
		{26787AD5-C15C-451A-9DF8-97EBD322BF7F}.Release|x86.ActiveCfg = Release|Any CPU
		{26787AD5-C15C-451A-9DF8-97EBD322BF7F}.Release|x86.Build.0 = Release|Any CPU
		{504383B7-30EB-41A0-A3D9-5DBCC5EE3463}.Debug|Any CPU.ActiveCfg = Debug|Any CPU
		{504383B7-30EB-41A0-A3D9-5DBCC5EE3463}.Debug|Any CPU.Build.0 = Debug|Any CPU
		{504383B7-30EB-41A0-A3D9-5DBCC5EE3463}.Debug|x64.ActiveCfg = Debug|Any CPU
		{504383B7-30EB-41A0-A3D9-5DBCC5EE3463}.Debug|x64.Build.0 = Debug|Any CPU
		{504383B7-30EB-41A0-A3D9-5DBCC5EE3463}.Debug|x86.ActiveCfg = Debug|Any CPU
		{504383B7-30EB-41A0-A3D9-5DBCC5EE3463}.Debug|x86.Build.0 = Debug|Any CPU
		{504383B7-30EB-41A0-A3D9-5DBCC5EE3463}.Release|Any CPU.ActiveCfg = Release|Any CPU
		{504383B7-30EB-41A0-A3D9-5DBCC5EE3463}.Release|Any CPU.Build.0 = Release|Any CPU
		{504383B7-30EB-41A0-A3D9-5DBCC5EE3463}.Release|x64.ActiveCfg = Release|Any CPU
		{504383B7-30EB-41A0-A3D9-5DBCC5EE3463}.Release|x64.Build.0 = Release|Any CPU
		{504383B7-30EB-41A0-A3D9-5DBCC5EE3463}.Release|x86.ActiveCfg = Release|Any CPU
		{504383B7-30EB-41A0-A3D9-5DBCC5EE3463}.Release|x86.Build.0 = Release|Any CPU
	EndGlobalSection
	GlobalSection(SolutionProperties) = preSolution
		HideSolutionNode = FALSE
	EndGlobalSection
	GlobalSection(ExtensibilityGlobals) = postSolution
		SolutionGuid = {2DDE85DE-8F57-411A-96E3-8A5F6CB57B2D}
	EndGlobalSection
EndGlobal
